
Microsoft Visual Studio Solution File, Format Version 12.00
# Visual Studio Version 17
VisualStudioVersion = 17.0.32014.148
MinimumVisualStudioVersion = 10.0.40219.1
Project("{9A19103F-16F7-4668-BE54-9A1E7A4F7556}") = "Data Types and Variables - Exercise", "Data Types and Variables - Exercise\Data Types and Variables - Exercise.csproj", "{385762BC-0229-4B55-82D1-4B6BB64CBFCB}"
EndProject
Project("{9A19103F-16F7-4668-BE54-9A1E7A4F7556}") = "P01. Integer Operations", "01. Integer Operations\P01. Integer Operations.csproj", "{016C1547-B9FB-406B-BD41-CBC4B8F81678}"
EndProject
Project("{9A19103F-16F7-4668-BE54-9A1E7A4F7556}") = "P02. Sum Digits", "P02. Sum Digits\P02. Sum Digits.csproj", "{0660835A-4DE2-4B16-A7B4-DCFED2B518A6}"
EndProject
Project("{9A19103F-16F7-4668-BE54-9A1E7A4F7556}") = "P03. Elevator", "P03. Elevator\P03. Elevator.csproj", "{3727D895-DD31-4244-B588-AE93BE26F1BD}"
EndProject
Project("{9A19103F-16F7-4668-BE54-9A1E7A4F7556}") = "P04. Sum of Chars", "P04. Sum of Chars\P04. Sum of Chars.csproj", "{D7FA8507-8148-4D67-8EC3-39026A3C1DFA}"
EndProject
Project("{9A19103F-16F7-4668-BE54-9A1E7A4F7556}") = "P05. Print Part Of ASCII Table", "P05. Print Part Of ASCII Table\P05. Print Part Of ASCII Table.csproj", "{6F8F8679-1B3D-4A71-8CCA-C5DCD36FF367}"
EndProject
Project("{9A19103F-16F7-4668-BE54-9A1E7A4F7556}") = "P06. Triples of Latin Letters", "P06. Triples of Latin Letters\P06. Triples of Latin Letters.csproj", "{4320DF1C-05F4-462A-9A80-B4F6ED9E411D}"
EndProject
Project("{9A19103F-16F7-4668-BE54-9A1E7A4F7556}") = "P07. Water Overflow", "P07. Water Overflow\P07. Water Overflow.csproj", "{0707BD1A-9896-45E5-BA2D-5330D1FA5A46}"
EndProject
Project("{9A19103F-16F7-4668-BE54-9A1E7A4F7556}") = "P09. Spice Must Flow", "P09. Spice Must Flow\P09. Spice Must Flow.csproj", "{939384C7-AE87-4EFA-A5CB-7FEAABF70C89}"
EndProject
Project("{9A19103F-16F7-4668-BE54-9A1E7A4F7556}") = "P08. Beer Kegs", "P08. Beer Kegs\P08. Beer Kegs.csproj", "{B88A88A0-7EF4-4EB6-A2EB-C1998506671A}"
EndProject
Project("{FAE04EC0-301F-11D3-BF4B-00C04F79EFBC}") = "P10. Poke Mon", "P10. Poke Mon\P10. Poke Mon.csproj", "{03A0D443-3948-4B31-8D7E-80DFB3B8E931}"
EndProject
Project("{FAE04EC0-301F-11D3-BF4B-00C04F79EFBC}") = "P11. Snowballs", "P11. Snowballs\P11. Snowballs.csproj", "{273782DE-6842-4839-B53C-76CBA9F50081}"
EndProject
Global
	GlobalSection(SolutionConfigurationPlatforms) = preSolution
		Debug|Any CPU = Debug|Any CPU
		Release|Any CPU = Release|Any CPU
	EndGlobalSection
	GlobalSection(ProjectConfigurationPlatforms) = postSolution
		{385762BC-0229-4B55-82D1-4B6BB64CBFCB}.Debug|Any CPU.ActiveCfg = Debug|Any CPU
		{385762BC-0229-4B55-82D1-4B6BB64CBFCB}.Debug|Any CPU.Build.0 = Debug|Any CPU
		{385762BC-0229-4B55-82D1-4B6BB64CBFCB}.Release|Any CPU.ActiveCfg = Release|Any CPU
		{385762BC-0229-4B55-82D1-4B6BB64CBFCB}.Release|Any CPU.Build.0 = Release|Any CPU
		{016C1547-B9FB-406B-BD41-CBC4B8F81678}.Debug|Any CPU.ActiveCfg = Debug|Any CPU
		{016C1547-B9FB-406B-BD41-CBC4B8F81678}.Debug|Any CPU.Build.0 = Debug|Any CPU
		{016C1547-B9FB-406B-BD41-CBC4B8F81678}.Release|Any CPU.ActiveCfg = Release|Any CPU
		{016C1547-B9FB-406B-BD41-CBC4B8F81678}.Release|Any CPU.Build.0 = Release|Any CPU
		{0660835A-4DE2-4B16-A7B4-DCFED2B518A6}.Debug|Any CPU.ActiveCfg = Debug|Any CPU
		{0660835A-4DE2-4B16-A7B4-DCFED2B518A6}.Debug|Any CPU.Build.0 = Debug|Any CPU
		{0660835A-4DE2-4B16-A7B4-DCFED2B518A6}.Release|Any CPU.ActiveCfg = Release|Any CPU
		{0660835A-4DE2-4B16-A7B4-DCFED2B518A6}.Release|Any CPU.Build.0 = Release|Any CPU
		{3727D895-DD31-4244-B588-AE93BE26F1BD}.Debug|Any CPU.ActiveCfg = Debug|Any CPU
		{3727D895-DD31-4244-B588-AE93BE26F1BD}.Debug|Any CPU.Build.0 = Debug|Any CPU
		{3727D895-DD31-4244-B588-AE93BE26F1BD}.Release|Any CPU.ActiveCfg = Release|Any CPU
		{3727D895-DD31-4244-B588-AE93BE26F1BD}.Release|Any CPU.Build.0 = Release|Any CPU
		{D7FA8507-8148-4D67-8EC3-39026A3C1DFA}.Debug|Any CPU.ActiveCfg = Debug|Any CPU
		{D7FA8507-8148-4D67-8EC3-39026A3C1DFA}.Debug|Any CPU.Build.0 = Debug|Any CPU
		{D7FA8507-8148-4D67-8EC3-39026A3C1DFA}.Release|Any CPU.ActiveCfg = Release|Any CPU
		{D7FA8507-8148-4D67-8EC3-39026A3C1DFA}.Release|Any CPU.Build.0 = Release|Any CPU
		{6F8F8679-1B3D-4A71-8CCA-C5DCD36FF367}.Debug|Any CPU.ActiveCfg = Debug|Any CPU
		{6F8F8679-1B3D-4A71-8CCA-C5DCD36FF367}.Debug|Any CPU.Build.0 = Debug|Any CPU
		{6F8F8679-1B3D-4A71-8CCA-C5DCD36FF367}.Release|Any CPU.ActiveCfg = Release|Any CPU
		{6F8F8679-1B3D-4A71-8CCA-C5DCD36FF367}.Release|Any CPU.Build.0 = Release|Any CPU
		{4320DF1C-05F4-462A-9A80-B4F6ED9E411D}.Debug|Any CPU.ActiveCfg = Debug|Any CPU
		{4320DF1C-05F4-462A-9A80-B4F6ED9E411D}.Debug|Any CPU.Build.0 = Debug|Any CPU
		{4320DF1C-05F4-462A-9A80-B4F6ED9E411D}.Release|Any CPU.ActiveCfg = Release|Any CPU
		{4320DF1C-05F4-462A-9A80-B4F6ED9E411D}.Release|Any CPU.Build.0 = Release|Any CPU
		{0707BD1A-9896-45E5-BA2D-5330D1FA5A46}.Debug|Any CPU.ActiveCfg = Debug|Any CPU
		{0707BD1A-9896-45E5-BA2D-5330D1FA5A46}.Debug|Any CPU.Build.0 = Debug|Any CPU
		{0707BD1A-9896-45E5-BA2D-5330D1FA5A46}.Release|Any CPU.ActiveCfg = Release|Any CPU
		{0707BD1A-9896-45E5-BA2D-5330D1FA5A46}.Release|Any CPU.Build.0 = Release|Any CPU
		{939384C7-AE87-4EFA-A5CB-7FEAABF70C89}.Debug|Any CPU.ActiveCfg = Debug|Any CPU
		{939384C7-AE87-4EFA-A5CB-7FEAABF70C89}.Debug|Any CPU.Build.0 = Debug|Any CPU
		{939384C7-AE87-4EFA-A5CB-7FEAABF70C89}.Release|Any CPU.ActiveCfg = Release|Any CPU
		{939384C7-AE87-4EFA-A5CB-7FEAABF70C89}.Release|Any CPU.Build.0 = Release|Any CPU
		{B88A88A0-7EF4-4EB6-A2EB-C1998506671A}.Debug|Any CPU.ActiveCfg = Debug|Any CPU
		{B88A88A0-7EF4-4EB6-A2EB-C1998506671A}.Debug|Any CPU.Build.0 = Debug|Any CPU
		{B88A88A0-7EF4-4EB6-A2EB-C1998506671A}.Release|Any CPU.ActiveCfg = Release|Any CPU
		{B88A88A0-7EF4-4EB6-A2EB-C1998506671A}.Release|Any CPU.Build.0 = Release|Any CPU
		{03A0D443-3948-4B31-8D7E-80DFB3B8E931}.Debug|Any CPU.ActiveCfg = Debug|Any CPU
		{03A0D443-3948-4B31-8D7E-80DFB3B8E931}.Debug|Any CPU.Build.0 = Debug|Any CPU
		{03A0D443-3948-4B31-8D7E-80DFB3B8E931}.Release|Any CPU.ActiveCfg = Release|Any CPU
		{03A0D443-3948-4B31-8D7E-80DFB3B8E931}.Release|Any CPU.Build.0 = Release|Any CPU
		{273782DE-6842-4839-B53C-76CBA9F50081}.Debug|Any CPU.ActiveCfg = Debug|Any CPU
		{273782DE-6842-4839-B53C-76CBA9F50081}.Debug|Any CPU.Build.0 = Debug|Any CPU
		{273782DE-6842-4839-B53C-76CBA9F50081}.Release|Any CPU.ActiveCfg = Release|Any CPU
		{273782DE-6842-4839-B53C-76CBA9F50081}.Release|Any CPU.Build.0 = Release|Any CPU
	EndGlobalSection
	GlobalSection(SolutionProperties) = preSolution
		HideSolutionNode = FALSE
	EndGlobalSection
	GlobalSection(ExtensibilityGlobals) = postSolution
		SolutionGuid = {3587EE1E-82B6-41C3-B471-B28EC6B1E7A0}
	EndGlobalSection
EndGlobal
