
Microsoft Visual Studio Solution File, Format Version 12.00
# Visual Studio Version 17
VisualStudioVersion = 17.0.32112.339
MinimumVisualStudioVersion = 10.0.40219.1
Project("{9A19103F-16F7-4668-BE54-9A1E7A4F7556}") = "P01.Count Chars in a String", "P01.Count Chars in a String\P01.Count Chars in a String.csproj", "{F47E6499-3FD8-4870-8223-6AF9891DB59B}"
EndProject
Project("{9A19103F-16F7-4668-BE54-9A1E7A4F7556}") = "P02.A Miner Task", "P02.A Miner Task\P02.A Miner Task.csproj", "{4140C923-473C-4BBD-BB02-50FCF6FFD22B}"
EndProject
Project("{FAE04EC0-301F-11D3-BF4B-00C04F79EFBC}") = "P03.LegendaryFarming", "P03.LegendaryFarming\P03.LegendaryFarming.csproj", "{53EC8958-4FEC-4673-B8B6-E8AF6EE5CE1C}"
EndProject
Project("{FAE04EC0-301F-11D3-BF4B-00C04F79EFBC}") = "P04.Orders", "P04.Orders\P04.Orders.csproj", "{1CBD6CA7-AC76-4AFC-AD7B-FD2BB28C9BEF}"
EndProject
Project("{FAE04EC0-301F-11D3-BF4B-00C04F79EFBC}") = "P05.SoftUniParking", "P05.SoftUniParking\P05.SoftUniParking.csproj", "{B9E6B424-B054-44B4-A5D0-1BF8B00A4B96}"
EndProject
Project("{FAE04EC0-301F-11D3-BF4B-00C04F79EFBC}") = "P06.Courses", "P06.Courses\P06.Courses.csproj", "{BC457E83-F0BC-4130-8864-1A7F2002B312}"
EndProject
Project("{FAE04EC0-301F-11D3-BF4B-00C04F79EFBC}") = "P07.StudentAcademy", "P07.StudentAcademy\P07.StudentAcademy.csproj", "{B5E8C6D5-E163-4FB2-B08E-A767F2AE4E0D}"
EndProject
Project("{FAE04EC0-301F-11D3-BF4B-00C04F79EFBC}") = "P08.CompanyUsers", "P08.CompanyUsers\P08.CompanyUsers.csproj", "{7B54762A-BE66-4A7F-8B9F-28075A9EE6E2}"
EndProject
Global
	GlobalSection(SolutionConfigurationPlatforms) = preSolution
		Debug|Any CPU = Debug|Any CPU
		Release|Any CPU = Release|Any CPU
	EndGlobalSection
	GlobalSection(ProjectConfigurationPlatforms) = postSolution
		{F47E6499-3FD8-4870-8223-6AF9891DB59B}.Debug|Any CPU.ActiveCfg = Debug|Any CPU
		{F47E6499-3FD8-4870-8223-6AF9891DB59B}.Debug|Any CPU.Build.0 = Debug|Any CPU
		{F47E6499-3FD8-4870-8223-6AF9891DB59B}.Release|Any CPU.ActiveCfg = Release|Any CPU
		{F47E6499-3FD8-4870-8223-6AF9891DB59B}.Release|Any CPU.Build.0 = Release|Any CPU
		{4140C923-473C-4BBD-BB02-50FCF6FFD22B}.Debug|Any CPU.ActiveCfg = Debug|Any CPU
		{4140C923-473C-4BBD-BB02-50FCF6FFD22B}.Debug|Any CPU.Build.0 = Debug|Any CPU
		{4140C923-473C-4BBD-BB02-50FCF6FFD22B}.Release|Any CPU.ActiveCfg = Release|Any CPU
		{4140C923-473C-4BBD-BB02-50FCF6FFD22B}.Release|Any CPU.Build.0 = Release|Any CPU
		{53EC8958-4FEC-4673-B8B6-E8AF6EE5CE1C}.Debug|Any CPU.ActiveCfg = Debug|Any CPU
		{53EC8958-4FEC-4673-B8B6-E8AF6EE5CE1C}.Debug|Any CPU.Build.0 = Debug|Any CPU
		{53EC8958-4FEC-4673-B8B6-E8AF6EE5CE1C}.Release|Any CPU.ActiveCfg = Release|Any CPU
		{53EC8958-4FEC-4673-B8B6-E8AF6EE5CE1C}.Release|Any CPU.Build.0 = Release|Any CPU
		{1CBD6CA7-AC76-4AFC-AD7B-FD2BB28C9BEF}.Debug|Any CPU.ActiveCfg = Debug|Any CPU
		{1CBD6CA7-AC76-4AFC-AD7B-FD2BB28C9BEF}.Debug|Any CPU.Build.0 = Debug|Any CPU
		{1CBD6CA7-AC76-4AFC-AD7B-FD2BB28C9BEF}.Release|Any CPU.ActiveCfg = Release|Any CPU
		{1CBD6CA7-AC76-4AFC-AD7B-FD2BB28C9BEF}.Release|Any CPU.Build.0 = Release|Any CPU
		{B9E6B424-B054-44B4-A5D0-1BF8B00A4B96}.Debug|Any CPU.ActiveCfg = Debug|Any CPU
		{B9E6B424-B054-44B4-A5D0-1BF8B00A4B96}.Debug|Any CPU.Build.0 = Debug|Any CPU
		{B9E6B424-B054-44B4-A5D0-1BF8B00A4B96}.Release|Any CPU.ActiveCfg = Release|Any CPU
		{B9E6B424-B054-44B4-A5D0-1BF8B00A4B96}.Release|Any CPU.Build.0 = Release|Any CPU
		{BC457E83-F0BC-4130-8864-1A7F2002B312}.Debug|Any CPU.ActiveCfg = Debug|Any CPU
		{BC457E83-F0BC-4130-8864-1A7F2002B312}.Debug|Any CPU.Build.0 = Debug|Any CPU
		{BC457E83-F0BC-4130-8864-1A7F2002B312}.Release|Any CPU.ActiveCfg = Release|Any CPU
		{BC457E83-F0BC-4130-8864-1A7F2002B312}.Release|Any CPU.Build.0 = Release|Any CPU
		{B5E8C6D5-E163-4FB2-B08E-A767F2AE4E0D}.Debug|Any CPU.ActiveCfg = Debug|Any CPU
		{B5E8C6D5-E163-4FB2-B08E-A767F2AE4E0D}.Debug|Any CPU.Build.0 = Debug|Any CPU
		{B5E8C6D5-E163-4FB2-B08E-A767F2AE4E0D}.Release|Any CPU.ActiveCfg = Release|Any CPU
		{B5E8C6D5-E163-4FB2-B08E-A767F2AE4E0D}.Release|Any CPU.Build.0 = Release|Any CPU
		{7B54762A-BE66-4A7F-8B9F-28075A9EE6E2}.Debug|Any CPU.ActiveCfg = Debug|Any CPU
		{7B54762A-BE66-4A7F-8B9F-28075A9EE6E2}.Debug|Any CPU.Build.0 = Debug|Any CPU
		{7B54762A-BE66-4A7F-8B9F-28075A9EE6E2}.Release|Any CPU.ActiveCfg = Release|Any CPU
		{7B54762A-BE66-4A7F-8B9F-28075A9EE6E2}.Release|Any CPU.Build.0 = Release|Any CPU
	EndGlobalSection
	GlobalSection(SolutionProperties) = preSolution
		HideSolutionNode = FALSE
	EndGlobalSection
	GlobalSection(ExtensibilityGlobals) = postSolution
		SolutionGuid = {F8EAB671-E4D0-4A17-8A01-B1BE3AAF9316}
	EndGlobalSection
EndGlobal
