
Microsoft Visual Studio Solution File, Format Version 12.00
# Visual Studio Version 17
VisualStudioVersion = 17.0.32112.339
MinimumVisualStudioVersion = 10.0.40219.1
Project("{FAE04EC0-301F-11D3-BF4B-00C04F79EFBC}") = "P01.Ranking", "P01.Ranking\P01.Ranking.csproj", "{0BE0CE65-D5C6-4DEA-8A40-176EDE131E22}"
EndProject
Global
	GlobalSection(SolutionConfigurationPlatforms) = preSolution
		Debug|Any CPU = Debug|Any CPU
		Release|Any CPU = Release|Any CPU
	EndGlobalSection
	GlobalSection(ProjectConfigurationPlatforms) = postSolution
		{0BE0CE65-D5C6-4DEA-8A40-176EDE131E22}.Debug|Any CPU.ActiveCfg = Debug|Any CPU
		{0BE0CE65-D5C6-4DEA-8A40-176EDE131E22}.Debug|Any CPU.Build.0 = Debug|Any CPU
		{0BE0CE65-D5C6-4DEA-8A40-176EDE131E22}.Release|Any CPU.ActiveCfg = Release|Any CPU
		{0BE0CE65-D5C6-4DEA-8A40-176EDE131E22}.Release|Any CPU.Build.0 = Release|Any CPU
	EndGlobalSection
	GlobalSection(SolutionProperties) = preSolution
		HideSolutionNode = FALSE
	EndGlobalSection
	GlobalSection(ExtensibilityGlobals) = postSolution
		SolutionGuid = {358B67C0-0509-41B9-A16F-50BA44BD514F}
	EndGlobalSection
EndGlobal
